
Microsoft Visual Studio Solution File, Format Version 12.00
# Visual Studio Version 16
VisualStudioVersion = 16.0.30114.105
MinimumVisualStudioVersion = 10.0.40219.1
Project("{FAE04EC0-301F-11D3-BF4B-00C04F79EFBC}") = "Practic1", "Practic1\Practic1.csproj", "{CED5835C-54BD-4E31-9336-1AC778EB99B4}"
EndProject
Global
	GlobalSection(SolutionConfigurationPlatforms) = preSolution
		Debug|Any CPU = Debug|Any CPU
		Release|Any CPU = Release|Any CPU
	EndGlobalSection
	GlobalSection(ProjectConfigurationPlatforms) = postSolution
		{CED5835C-54BD-4E31-9336-1AC778EB99B4}.Debug|Any CPU.ActiveCfg = Debug|Any CPU
		{CED5835C-54BD-4E31-9336-1AC778EB99B4}.Debug|Any CPU.Build.0 = Debug|Any CPU
		{CED5835C-54BD-4E31-9336-1AC778EB99B4}.Release|Any CPU.ActiveCfg = Release|Any CPU
		{CED5835C-54BD-4E31-9336-1AC778EB99B4}.Release|Any CPU.Build.0 = Release|Any CPU
	EndGlobalSection
	GlobalSection(SolutionProperties) = preSolution
		HideSolutionNode = FALSE
	EndGlobalSection
	GlobalSection(ExtensibilityGlobals) = postSolution
		SolutionGuid = {1F8D1AF3-600E-48E5-96EC-FE8E380A8D26}
	EndGlobalSection
EndGlobal
